
Microsoft Visual Studio Solution File, Format Version 12.00
# Visual Studio Version 17
VisualStudioVersion = 17.0.31903.59
MinimumVisualStudioVersion = 10.0.40219.1
Project("{2150E333-8FDC-42A3-9474-1A3956D46DE8}") = "src", "src", "{2FB16EA8-8C56-4CD2-AEDE-693FCCFC630E}"
EndProject
Project("{FAE04EC0-301F-11D3-BF4B-00C04F79EFBC}") = "StratSphere.Core", "src\StratSphere.Core\StratSphere.Core.csproj", "{B7138E01-8752-422F-A22A-02EC5CD5CE97}"
EndProject
Project("{FAE04EC0-301F-11D3-BF4B-00C04F79EFBC}") = "StratSphere.Data", "src\StratSphere.Data\StratSphere.Data.csproj", "{6F31FD29-E344-4B9C-82B2-96FF79463175}"
EndProject
Project("{FAE04EC0-301F-11D3-BF4B-00C04F79EFBC}") = "StratSphere.Web", "src\StratSphere.Web\StratSphere.Web.csproj", "{885F417D-6FAD-490A-B5DE-FCE47945FD98}"
EndProject
Project("{2150E333-8FDC-42A3-9474-1A3956D46DE8}") = "tools", "tools", "{2760FD93-34A1-4035-8BC7-58F280823B8F}"
EndProject
Project("{FAE04EC0-301F-11D3-BF4B-00C04F79EFBC}") = "StratSphere.DataImport", "tools\StratSphere.DataImport\StratSphere.DataImport.csproj", "{B170FB29-1D4E-4193-B198-159B130644AF}"
EndProject
Project("{2150E333-8FDC-42A3-9474-1A3956D46DE8}") = "tests", "tests", "{B326BC38-018F-4C21-A092-D20407CCC37C}"
EndProject
Project("{FAE04EC0-301F-11D3-BF4B-00C04F79EFBC}") = "StratSphere.Tests", "tests\StratSphere.Tests\StratSphere.Tests.csproj", "{1848DD53-AEAD-4B5B-911B-8F02D8C8C709}"
EndProject
Global
	GlobalSection(SolutionConfigurationPlatforms) = preSolution
		Debug|Any CPU = Debug|Any CPU
		Debug|x64 = Debug|x64
		Debug|x86 = Debug|x86
		Release|Any CPU = Release|Any CPU
		Release|x64 = Release|x64
		Release|x86 = Release|x86
	EndGlobalSection
	GlobalSection(ProjectConfigurationPlatforms) = postSolution
		{B7138E01-8752-422F-A22A-02EC5CD5CE97}.Debug|Any CPU.ActiveCfg = Debug|Any CPU
		{B7138E01-8752-422F-A22A-02EC5CD5CE97}.Debug|Any CPU.Build.0 = Debug|Any CPU
		{B7138E01-8752-422F-A22A-02EC5CD5CE97}.Debug|x64.ActiveCfg = Debug|Any CPU
		{B7138E01-8752-422F-A22A-02EC5CD5CE97}.Debug|x64.Build.0 = Debug|Any CPU
		{B7138E01-8752-422F-A22A-02EC5CD5CE97}.Debug|x86.ActiveCfg = Debug|Any CPU
		{B7138E01-8752-422F-A22A-02EC5CD5CE97}.Debug|x86.Build.0 = Debug|Any CPU
		{B7138E01-8752-422F-A22A-02EC5CD5CE97}.Release|Any CPU.ActiveCfg = Release|Any CPU
		{B7138E01-8752-422F-A22A-02EC5CD5CE97}.Release|Any CPU.Build.0 = Release|Any CPU
		{B7138E01-8752-422F-A22A-02EC5CD5CE97}.Release|x64.ActiveCfg = Release|Any CPU
		{B7138E01-8752-422F-A22A-02EC5CD5CE97}.Release|x64.Build.0 = Release|Any CPU
		{B7138E01-8752-422F-A22A-02EC5CD5CE97}.Release|x86.ActiveCfg = Release|Any CPU
		{B7138E01-8752-422F-A22A-02EC5CD5CE97}.Release|x86.Build.0 = Release|Any CPU
		{6F31FD29-E344-4B9C-82B2-96FF79463175}.Debug|Any CPU.ActiveCfg = Debug|Any CPU
		{6F31FD29-E344-4B9C-82B2-96FF79463175}.Debug|Any CPU.Build.0 = Debug|Any CPU
		{6F31FD29-E344-4B9C-82B2-96FF79463175}.Debug|x64.ActiveCfg = Debug|Any CPU
		{6F31FD29-E344-4B9C-82B2-96FF79463175}.Debug|x64.Build.0 = Debug|Any CPU
		{6F31FD29-E344-4B9C-82B2-96FF79463175}.Debug|x86.ActiveCfg = Debug|Any CPU
		{6F31FD29-E344-4B9C-82B2-96FF79463175}.Debug|x86.Build.0 = Debug|Any CPU
		{6F31FD29-E344-4B9C-82B2-96FF79463175}.Release|Any CPU.ActiveCfg = Release|Any CPU
		{6F31FD29-E344-4B9C-82B2-96FF79463175}.Release|Any CPU.Build.0 = Release|Any CPU
		{6F31FD29-E344-4B9C-82B2-96FF79463175}.Release|x64.ActiveCfg = Release|Any CPU
		{6F31FD29-E344-4B9C-82B2-96FF79463175}.Release|x64.Build.0 = Release|Any CPU
		{6F31FD29-E344-4B9C-82B2-96FF79463175}.Release|x86.ActiveCfg = Release|Any CPU
		{6F31FD29-E344-4B9C-82B2-96FF79463175}.Release|x86.Build.0 = Release|Any CPU
		{885F417D-6FAD-490A-B5DE-FCE47945FD98}.Debug|Any CPU.ActiveCfg = Debug|Any CPU
		{885F417D-6FAD-490A-B5DE-FCE47945FD98}.Debug|Any CPU.Build.0 = Debug|Any CPU
		{885F417D-6FAD-490A-B5DE-FCE47945FD98}.Debug|x64.ActiveCfg = Debug|Any CPU
		{885F417D-6FAD-490A-B5DE-FCE47945FD98}.Debug|x64.Build.0 = Debug|Any CPU
		{885F417D-6FAD-490A-B5DE-FCE47945FD98}.Debug|x86.ActiveCfg = Debug|Any CPU
		{885F417D-6FAD-490A-B5DE-FCE47945FD98}.Debug|x86.Build.0 = Debug|Any CPU
		{885F417D-6FAD-490A-B5DE-FCE47945FD98}.Release|Any CPU.ActiveCfg = Release|Any CPU
		{885F417D-6FAD-490A-B5DE-FCE47945FD98}.Release|Any CPU.Build.0 = Release|Any CPU
		{885F417D-6FAD-490A-B5DE-FCE47945FD98}.Release|x64.ActiveCfg = Release|Any CPU
		{885F417D-6FAD-490A-B5DE-FCE47945FD98}.Release|x64.Build.0 = Release|Any CPU
		{885F417D-6FAD-490A-B5DE-FCE47945FD98}.Release|x86.ActiveCfg = Release|Any CPU
		{885F417D-6FAD-490A-B5DE-FCE47945FD98}.Release|x86.Build.0 = Release|Any CPU
		{B170FB29-1D4E-4193-B198-159B130644AF}.Debug|Any CPU.ActiveCfg = Debug|Any CPU
		{B170FB29-1D4E-4193-B198-159B130644AF}.Debug|Any CPU.Build.0 = Debug|Any CPU
		{B170FB29-1D4E-4193-B198-159B130644AF}.Debug|x64.ActiveCfg = Debug|Any CPU
		{B170FB29-1D4E-4193-B198-159B130644AF}.Debug|x64.Build.0 = Debug|Any CPU
		{B170FB29-1D4E-4193-B198-159B130644AF}.Debug|x86.ActiveCfg = Debug|Any CPU
		{B170FB29-1D4E-4193-B198-159B130644AF}.Debug|x86.Build.0 = Debug|Any CPU
		{B170FB29-1D4E-4193-B198-159B130644AF}.Release|Any CPU.ActiveCfg = Release|Any CPU
		{B170FB29-1D4E-4193-B198-159B130644AF}.Release|Any CPU.Build.0 = Release|Any CPU
		{B170FB29-1D4E-4193-B198-159B130644AF}.Release|x64.ActiveCfg = Release|Any CPU
		{B170FB29-1D4E-4193-B198-159B130644AF}.Release|x64.Build.0 = Release|Any CPU
		{B170FB29-1D4E-4193-B198-159B130644AF}.Release|x86.ActiveCfg = Release|Any CPU
		{B170FB29-1D4E-4193-B198-159B130644AF}.Release|x86.Build.0 = Release|Any CPU
		{1848DD53-AEAD-4B5B-911B-8F02D8C8C709}.Debug|Any CPU.ActiveCfg = Debug|Any CPU
		{1848DD53-AEAD-4B5B-911B-8F02D8C8C709}.Debug|Any CPU.Build.0 = Debug|Any CPU
		{1848DD53-AEAD-4B5B-911B-8F02D8C8C709}.Debug|x64.ActiveCfg = Debug|Any CPU
		{1848DD53-AEAD-4B5B-911B-8F02D8C8C709}.Debug|x64.Build.0 = Debug|Any CPU
		{1848DD53-AEAD-4B5B-911B-8F02D8C8C709}.Debug|x86.ActiveCfg = Debug|Any CPU
		{1848DD53-AEAD-4B5B-911B-8F02D8C8C709}.Debug|x86.Build.0 = Debug|Any CPU
		{1848DD53-AEAD-4B5B-911B-8F02D8C8C709}.Release|Any CPU.ActiveCfg = Release|Any CPU
		{1848DD53-AEAD-4B5B-911B-8F02D8C8C709}.Release|Any CPU.Build.0 = Release|Any CPU
		{1848DD53-AEAD-4B5B-911B-8F02D8C8C709}.Release|x64.ActiveCfg = Release|Any CPU
		{1848DD53-AEAD-4B5B-911B-8F02D8C8C709}.Release|x64.Build.0 = Release|Any CPU
		{1848DD53-AEAD-4B5B-911B-8F02D8C8C709}.Release|x86.ActiveCfg = Release|Any CPU
		{1848DD53-AEAD-4B5B-911B-8F02D8C8C709}.Release|x86.Build.0 = Release|Any CPU
	EndGlobalSection
	GlobalSection(SolutionProperties) = preSolution
		HideSolutionNode = FALSE
	EndGlobalSection
	GlobalSection(NestedProjects) = preSolution
		{B7138E01-8752-422F-A22A-02EC5CD5CE97} = {2FB16EA8-8C56-4CD2-AEDE-693FCCFC630E}
		{6F31FD29-E344-4B9C-82B2-96FF79463175} = {2FB16EA8-8C56-4CD2-AEDE-693FCCFC630E}
		{885F417D-6FAD-490A-B5DE-FCE47945FD98} = {2FB16EA8-8C56-4CD2-AEDE-693FCCFC630E}
		{B170FB29-1D4E-4193-B198-159B130644AF} = {2760FD93-34A1-4035-8BC7-58F280823B8F}
		{1848DD53-AEAD-4B5B-911B-8F02D8C8C709} = {B326BC38-018F-4C21-A092-D20407CCC37C}
	EndGlobalSection
EndGlobal
